<?xml version="1.0" encoding="UTF-8"?>
<!DOCTYPE plist PUBLIC "-//Apple//DTD PLIST 1.0//EN" "http://www.apple.com/DTDs/PropertyList-1.0.dtd">
<plist version="1.0">
<dict>
	<key>archiveVersion</key>
	<string>1</string>
	<key>classes</key>
	<dict/>
	<key>objectVersion</key>
	<string>46</string>
	<key>objects</key>
	<dict>
		<key>28E6DA0BA1702DF918EE7CEB</key>
		<dict>
			<key>includeInIndex</key>
			<string>1</string>
			<key>isa</key>
			<string>PBXFileReference</string>
			<key>lastKnownFileType</key>
			<string>text.xcconfig</string>
			<key>name</key>
			<string>Pods-Articles.release.xcconfig</string>
			<key>path</key>
			<string>Pods/Target Support Files/Pods-Articles/Pods-Articles.release.xcconfig</string>
			<key>sourceTree</key>
			<string>&lt;group&gt;</string>
		</dict>
		<key>30340F9607FB077286FA05AF</key>
		<dict>
			<key>includeInIndex</key>
			<string>1</string>
			<key>isa</key>
			<string>PBXFileReference</string>
			<key>lastKnownFileType</key>
			<string>text.xcconfig</string>
			<key>name</key>
			<string>Pods-Articles.debug.xcconfig</string>
			<key>path</key>
			<string>Pods/Target Support Files/Pods-Articles/Pods-Articles.debug.xcconfig</string>
			<key>sourceTree</key>
			<string>&lt;group&gt;</string>
		</dict>
		<key>3AF85C443A65B9430FBC6B49</key>
		<dict>
			<key>fileRef</key>
			<string>D4C4361C3C8DE4EA3C9A0934</string>
			<key>isa</key>
			<string>PBXBuildFile</string>
		</dict>
		<key>3E0AFDDDE2D60555EDD1CF69</key>
		<dict>
			<key>buildActionMask</key>
			<string>2147483647</string>
			<key>files</key>
			<array/>
			<key>inputPaths</key>
			<array/>
			<key>isa</key>
			<string>PBXShellScriptBuildPhase</string>
			<key>name</key>
			<string>[CP] Embed Pods Frameworks</string>
			<key>outputPaths</key>
			<array/>
			<key>runOnlyForDeploymentPostprocessing</key>
			<string>0</string>
			<key>shellPath</key>
			<string>/bin/sh</string>
			<key>shellScript</key>
			<string>"${SRCROOT}/Pods/Target Support Files/Pods-Articles/Pods-Articles-frameworks.sh"
</string>
			<key>showEnvVarsInLog</key>
			<string>0</string>
		</dict>
		<key>43887D1C86D38ABD1D8F16BC</key>
		<dict>
			<key>children</key>
			<array>
				<string>30340F9607FB077286FA05AF</string>
				<string>28E6DA0BA1702DF918EE7CEB</string>
			</array>
			<key>isa</key>
			<string>PBXGroup</string>
			<key>name</key>
			<string>Pods</string>
			<key>sourceTree</key>
			<string>&lt;group&gt;</string>
		</dict>
		<key>A9213002D655581BF4E4C79A</key>
		<dict>
			<key>fileEncoding</key>
			<string>4</string>
			<key>isa</key>
			<string>PBXFileReference</string>
			<key>lastKnownFileType</key>
			<string>sourcecode.swift</string>
			<key>path</key>
			<string>DetailsViewController.swift</string>
			<key>sourceTree</key>
			<string>&lt;group&gt;</string>
		</dict>
		<key>A9213036F0574C8283456107</key>
		<dict>
			<key>fileRef</key>
			<string>A9213002D655581BF4E4C79A</string>
			<key>isa</key>
			<string>PBXBuildFile</string>
		</dict>
		<key>A9213050C96C7798BFD816B0</key>
		<dict>
			<key>fileRef</key>
			<string>A9213B5787CD6D85F70B13A9</string>
			<key>isa</key>
			<string>PBXBuildFile</string>
		</dict>
		<key>A921307DAD28A98887FC7065</key>
		<dict>
			<key>fileRef</key>
			<string>A9213D89CE1563F471E95DAD</string>
			<key>isa</key>
			<string>PBXBuildFile</string>
		</dict>
		<key>A921313F6BC3536ACBEDB300</key>
		<dict>
			<key>fileEncoding</key>
			<string>4</string>
			<key>isa</key>
			<string>PBXFileReference</string>
			<key>lastKnownFileType</key>
			<string>sourcecode.swift</string>
			<key>path</key>
			<string>ArticlesViewController.swift</string>
			<key>sourceTree</key>
			<string>&lt;group&gt;</string>
		</dict>
		<key>A921314051B5E0181B97D97D</key>
		<dict>
			<key>fileRef</key>
			<string>A92138FE96108B00E0466C9E</string>
			<key>isa</key>
			<string>PBXBuildFile</string>
		</dict>
		<key>A92131C4520E8A1AE87EF50E</key>
		<dict>
			<key>fileEncoding</key>
			<string>4</string>
			<key>isa</key>
			<string>PBXFileReference</string>
			<key>lastKnownFileType</key>
			<string>sourcecode.swift</string>
			<key>path</key>
			<string>DetailsViewInterface.swift</string>
			<key>sourceTree</key>
			<string>&lt;group&gt;</string>
		</dict>
		<key>A92131D49D5B54E14307E327</key>
		<dict>
			<key>fileEncoding</key>
			<string>4</string>
			<key>isa</key>
			<string>PBXFileReference</string>
			<key>lastKnownFileType</key>
			<string>sourcecode.swift</string>
			<key>path</key>
			<string>ArticlesInteractor.swift</string>
			<key>sourceTree</key>
			<string>&lt;group&gt;</string>
		</dict>
		<key>A92131E5D968F36D222D9231</key>
		<dict>
			<key>fileEncoding</key>
			<string>4</string>
			<key>isa</key>
			<string>PBXFileReference</string>
			<key>lastKnownFileType</key>
			<string>sourcecode.swift</string>
			<key>path</key>
			<string>ArticlesModuleInterface.swift</string>
			<key>sourceTree</key>
			<string>&lt;group&gt;</string>
		</dict>
		<key>A92131F74C1FDBDCB703D285</key>
		<dict>
			<key>children</key>
			<array>
				<string>B20DE8311CA5B99A00FD08BE</string>
				<string>A921372E69907F1FEB34F258</string>
			</array>
			<key>isa</key>
			<string>PBXGroup</string>
			<key>path</key>
			<string>Assets</string>
			<key>sourceTree</key>
			<string>&lt;group&gt;</string>
		</dict>
		<key>A921323130BD3789762E6790</key>
		<dict>
			<key>fileRef</key>
			<string>A9213623EA9AE88E6EF75320</string>
			<key>isa</key>
			<string>PBXBuildFile</string>
		</dict>
		<key>A921324E52CDA9D9AFAF4B00</key>
		<dict>
			<key>fileRef</key>
			<string>A921313F6BC3536ACBEDB300</string>
			<key>isa</key>
			<string>PBXBuildFile</string>
		</dict>
		<key>A92132D1EC56C163E878BA77</key>
		<dict>
			<key>fileEncoding</key>
			<string>4</string>
			<key>isa</key>
			<string>PBXFileReference</string>
			<key>lastKnownFileType</key>
			<string>sourcecode.swift</string>
			<key>path</key>
			<string>ArticlesWireframeInput.swift</string>
			<key>sourceTree</key>
			<string>&lt;group&gt;</string>
		</dict>
		<key>A9213350D7792A318D8B134A</key>
		<dict>
			<key>fileEncoding</key>
			<string>4</string>
			<key>isa</key>
			<string>PBXFileReference</string>
			<key>lastKnownFileType</key>
			<string>sourcecode.swift</string>
			<key>path</key>
			<string>ArticlesWireframe.swift</string>
			<key>sourceTree</key>
			<string>&lt;group&gt;</string>
		</dict>
		<key>A92133C558E2726A8D06127E</key>
		<dict>
			<key>children</key>
			<array>
				<string>A9213C6F6FFE62A6CF51FEC8</string>
				<string>A92136C67C1BC34E70BD552C</string>
			</array>
			<key>isa</key>
			<string>PBXGroup</string>
			<key>path</key>
			<string>Details</string>
			<key>sourceTree</key>
			<string>&lt;group&gt;</string>
		</dict>
		<key>A92133D448BCAFA6023C2B11</key>
		<dict>
			<key>fileRef</key>
			<string>A92131E5D968F36D222D9231</string>
			<key>isa</key>
			<string>PBXBuildFile</string>
		</dict>
		<key>A92133F1AC3155C58661BBCD</key>
		<dict>
			<key>children</key>
			<array>
				<string>A9213581D3E69DF94676A356</string>
			</array>
			<key>isa</key>
			<string>PBXGroup</string>
			<key>path</key>
			<string>Utils</string>
			<key>sourceTree</key>
			<string>&lt;group&gt;</string>
		</dict>
		<key>A92133F49F3AF1482AE7A89F</key>
		<dict>
			<key>children</key>
			<array>
				<string>A92131C4520E8A1AE87EF50E</string>
				<string>A9213002D655581BF4E4C79A</string>
			</array>
			<key>isa</key>
			<string>PBXGroup</string>
			<key>path</key>
			<string>View</string>
			<key>sourceTree</key>
			<string>&lt;group&gt;</string>
		</dict>
		<key>A921340947960CD0ACC3967A</key>
		<dict>
			<key>children</key>
			<array>
				<string>A9213FB5E3EFD49973803DBB</string>
			</array>
			<key>isa</key>
			<string>PBXGroup</string>
			<key>path</key>
			<string>View</string>
			<key>sourceTree</key>
			<string>&lt;group&gt;</string>
		</dict>
		<key>A92135251CAE849BD96EDDFE</key>
		<dict>
			<key>children</key>
			<array>
				<string>A92131E5D968F36D222D9231</string>
			</array>
			<key>isa</key>
			<string>PBXGroup</string>
			<key>path</key>
			<string>Module Interface</string>
			<key>sourceTree</key>
			<string>&lt;group&gt;</string>
		</dict>
		<key>A92135510BD72DEA8169AF98</key>
		<dict>
			<key>fileEncoding</key>
			<string>4</string>
			<key>isa</key>
			<string>PBXFileReference</string>
			<key>lastKnownFileType</key>
			<string>sourcecode.swift</string>
			<key>path</key>
			<string>AppDependencies.swift</string>
			<key>sourceTree</key>
			<string>&lt;group&gt;</string>
		</dict>
		<key>A9213581D19E145E9202C4EA</key>
		<dict>
			<key>fileRef</key>
			<string>A92137827C76E71FD3D21CFE</string>
			<key>isa</key>
			<string>PBXBuildFile</string>
		</dict>
		<key>A9213581D3E69DF94676A356</key>
		<dict>
			<key>children</key>
			<array>
				<string>B20DE8351CA5BB8C00FD08BE</string>
			</array>
			<key>isa</key>
			<string>PBXGroup</string>
			<key>path</key>
			<string>Extensions</string>
			<key>sourceTree</key>
			<string>&lt;group&gt;</string>
		</dict>
		<key>A92135FC4CB750985640BDFF</key>
		<dict>
			<key>fileRef</key>
			<string>A9213A15D6A1233E3F1C8F0C</string>
			<key>isa</key>
			<string>PBXBuildFile</string>
		</dict>
		<key>A9213623EA9AE88E6EF75320</key>
		<dict>
			<key>fileEncoding</key>
			<string>4</string>
			<key>isa</key>
			<string>PBXFileReference</string>
			<key>lastKnownFileType</key>
			<string>sourcecode.swift</string>
			<key>path</key>
			<string>DetailsWireframe.swift</string>
			<key>sourceTree</key>
			<string>&lt;group&gt;</string>
		</dict>
		<key>A921369BEDF84574EC6E3514</key>
		<dict>
			<key>fileRef</key>
			<string>A92131C4520E8A1AE87EF50E</string>
			<key>isa</key>
			<string>PBXBuildFile</string>
		</dict>
		<key>A92136C67C1BC34E70BD552C</key>
		<dict>
			<key>children</key>
			<array>
				<string>A92139C69ABC978564D07B1F</string>
				<string>A92133F49F3AF1482AE7A89F</string>
				<string>A9213CE4F18A72507F56743F</string>
			</array>
			<key>isa</key>
			<string>PBXGroup</string>
			<key>path</key>
			<string>User Interface</string>
			<key>sourceTree</key>
			<string>&lt;group&gt;</string>
		</dict>
		<key>A921372E69907F1FEB34F258</key>
		<dict>
			<key>isa</key>
			<string>PBXFileReference</string>
			<key>lastKnownFileType</key>
			<string>folder.assetcatalog</string>
			<key>path</key>
			<string>Assets.xcassets</string>
			<key>sourceTree</key>
			<string>&lt;group&gt;</string>
		</dict>
		<key>A9213740E6471B2B03E877F6</key>
		<dict>
			<key>children</key>
			<array>
				<string>A9213B75C7AE91287999AB91</string>
				<string>A92135510BD72DEA8169AF98</string>
			</array>
			<key>isa</key>
			<string>PBXGroup</string>
			<key>path</key>
			<string>Application</string>
			<key>sourceTree</key>
			<string>&lt;group&gt;</string>
		</dict>
		<key>A92137827C76E71FD3D21CFE</key>
		<dict>
			<key>fileEncoding</key>
			<string>4</string>
			<key>isa</key>
			<string>PBXFileReference</string>
			<key>lastKnownFileType</key>
			<string>sourcecode.swift</string>
			<key>path</key>
			<string>ArticlesPresenter.swift</string>
			<key>sourceTree</key>
			<string>&lt;group&gt;</string>
		</dict>
		<key>A92138E801197B1FF0BE8BC3</key>
		<dict>
			<key>children</key>
			<array>
				<string>A92131D49D5B54E14307E327</string>
				<string>B22A5A831CB056C600856847</string>
				<string>B22A5A851CB056D000856847</string>
			</array>
			<key>isa</key>
			<string>PBXGroup</string>
			<key>path</key>
			<string>Application Logic</string>
			<key>sourceTree</key>
			<string>&lt;group&gt;</string>
		</dict>
		<key>A92138FE96108B00E0466C9E</key>
		<dict>
			<key>fileEncoding</key>
			<string>4</string>
			<key>isa</key>
			<string>PBXFileReference</string>
			<key>lastKnownFileType</key>
			<string>sourcecode.swift</string>
			<key>path</key>
			<string>DetailsModuleInterface.swift</string>
			<key>sourceTree</key>
			<string>&lt;group&gt;</string>
		</dict>
		<key>A9213984CDEA4A9AC1DF60E4</key>
		<dict>
			<key>fileRef</key>
			<string>A92132D1EC56C163E878BA77</string>
			<key>isa</key>
			<string>PBXBuildFile</string>
		</dict>
		<key>A9213996722C378274AFB5F4</key>
		<dict>
			<key>fileRef</key>
			<string>A9213FB5E3EFD49973803DBB</string>
			<key>isa</key>
			<string>PBXBuildFile</string>
		</dict>
		<key>A92139C69ABC978564D07B1F</key>
		<dict>
			<key>children</key>
			<array>
				<string>A9213A15D6A1233E3F1C8F0C</string>
			</array>
			<key>isa</key>
			<string>PBXGroup</string>
			<key>path</key>
			<string>Presenter</string>
			<key>sourceTree</key>
			<string>&lt;group&gt;</string>
		</dict>
		<key>A92139D6463A5910955F4BA9</key>
		<dict>
			<key>fileRef</key>
			<string>A9213B75C7AE91287999AB91</string>
			<key>isa</key>
			<string>PBXBuildFile</string>
		</dict>
		<key>A9213A15D6A1233E3F1C8F0C</key>
		<dict>
			<key>fileEncoding</key>
			<string>4</string>
			<key>isa</key>
			<string>PBXFileReference</string>
			<key>lastKnownFileType</key>
			<string>sourcecode.swift</string>
			<key>path</key>
			<string>DetailsPresenter.swift</string>
			<key>sourceTree</key>
			<string>&lt;group&gt;</string>
		</dict>
		<key>A9213B083947483A9FC66973</key>
		<dict>
			<key>fileRef</key>
			<string>A92131D49D5B54E14307E327</string>
			<key>isa</key>
			<string>PBXBuildFile</string>
		</dict>
		<key>A9213B5787CD6D85F70B13A9</key>
		<dict>
			<key>fileEncoding</key>
			<string>4</string>
			<key>isa</key>
			<string>PBXFileReference</string>
			<key>lastKnownFileType</key>
			<string>sourcecode.swift</string>
			<key>path</key>
			<string>ArticleTableViewCell.swift</string>
			<key>sourceTree</key>
			<string>&lt;group&gt;</string>
		</dict>
		<key>A9213B680D0B43E2E15395B2</key>
		<dict>
			<key>fileRef</key>
			<string>A921372E69907F1FEB34F258</string>
			<key>isa</key>
			<string>PBXBuildFile</string>
		</dict>
		<key>A9213B75C7AE91287999AB91</key>
		<dict>
			<key>fileEncoding</key>
			<string>4</string>
			<key>isa</key>
			<string>PBXFileReference</string>
			<key>lastKnownFileType</key>
			<string>sourcecode.swift</string>
			<key>path</key>
			<string>AppDelegate.swift</string>
			<key>sourceTree</key>
			<string>&lt;group&gt;</string>
		</dict>
		<key>A9213C288222D3F52CE25426</key>
		<dict>
			<key>children</key>
			<array>
				<string>A9213CA2A28FDC388C446230</string>
				<string>A92133C558E2726A8D06127E</string>
			</array>
			<key>isa</key>
			<string>PBXGroup</string>
			<key>path</key>
			<string>Modules</string>
			<key>sourceTree</key>
			<string>&lt;group&gt;</string>
		</dict>
		<key>A9213C6F6FFE62A6CF51FEC8</key>
		<dict>
			<key>children</key>
			<array>
				<string>A92138FE96108B00E0466C9E</string>
			</array>
			<key>isa</key>
			<string>PBXGroup</string>
			<key>path</key>
			<string>Module Interface</string>
			<key>sourceTree</key>
			<string>&lt;group&gt;</string>
		</dict>
		<key>A9213CA2A28FDC388C446230</key>
		<dict>
			<key>children</key>
			<array>
				<string>A92138E801197B1FF0BE8BC3</string>
				<string>A92135251CAE849BD96EDDFE</string>
				<string>A9213F3A79786FFE5D9B73F1</string>
			</array>
			<key>isa</key>
			<string>PBXGroup</string>
			<key>path</key>
			<string>Articles</string>
			<key>sourceTree</key>
			<string>&lt;group&gt;</string>
		</dict>
		<key>A9213CE4F18A72507F56743F</key>
		<dict>
			<key>children</key>
			<array>
				<string>A9213623EA9AE88E6EF75320</string>
			</array>
			<key>isa</key>
			<string>PBXGroup</string>
			<key>path</key>
			<string>Wireframe</string>
			<key>sourceTree</key>
			<string>&lt;group&gt;</string>
		</dict>
		<key>A9213D89CE1563F471E95DAD</key>
		<dict>
			<key>fileEncoding</key>
			<string>4</string>
			<key>isa</key>
			<string>PBXFileReference</string>
			<key>lastKnownFileType</key>
			<string>sourcecode.swift</string>
			<key>path</key>
			<string>ArticlesViewInterface.swift</string>
			<key>sourceTree</key>
			<string>&lt;group&gt;</string>
		</dict>
		<key>A9213D8C2F5A413FB0C03E54</key>
		<dict>
			<key>children</key>
			<array>
				<string>B2B287D31C9A469500CF3411</string>
			</array>
			<key>isa</key>
			<string>PBXGroup</string>
			<key>path</key>
			<string>Models</string>
			<key>sourceTree</key>
			<string>&lt;group&gt;</string>
		</dict>
		<key>A9213E588095BFB0B0F15680</key>
		<dict>
			<key>fileRef</key>
			<string>A9213350D7792A318D8B134A</string>
			<key>isa</key>
			<string>PBXBuildFile</string>
		</dict>
		<key>A9213E65BD109D5D56893CA2</key>
		<dict>
			<key>fileRef</key>
			<string>A92135510BD72DEA8169AF98</string>
			<key>isa</key>
			<string>PBXBuildFile</string>
		</dict>
		<key>A9213ED015B1CE0C92E39198</key>
		<dict>
			<key>children</key>
			<array>
				<string>A921340947960CD0ACC3967A</string>
			</array>
			<key>isa</key>
			<string>PBXGroup</string>
			<key>path</key>
			<string>Common</string>
			<key>sourceTree</key>
			<string>&lt;group&gt;</string>
		</dict>
		<key>A9213F3A79786FFE5D9B73F1</key>
		<dict>
			<key>children</key>
			<array>
				<string>B22A5A801CB0515800856847</string>
				<string>B22A5A7F1CB0513100856847</string>
				<string>B22A5A811CB0517100856847</string>
			</array>
			<key>isa</key>
			<string>PBXGroup</string>
			<key>path</key>
			<string>User Interface</string>
			<key>sourceTree</key>
			<string>&lt;group&gt;</string>
		</dict>
		<key>A9213FB5E3EFD49973803DBB</key>
		<dict>
			<key>fileEncoding</key>
			<string>4</string>
			<key>isa</key>
			<string>PBXFileReference</string>
			<key>lastKnownFileType</key>
			<string>sourcecode.swift</string>
			<key>path</key>
			<string>RootWireframe.swift</string>
			<key>sourceTree</key>
			<string>&lt;group&gt;</string>
		</dict>
		<key>B20DE8311CA5B99A00FD08BE</key>
		<dict>
			<key>children</key>
			<array>
				<string>B20DE8321CA5B9EC00FD08BE</string>
			</array>
			<key>isa</key>
			<string>PBXGroup</string>
			<key>path</key>
			<string>Base.lproj</string>
			<key>sourceTree</key>
			<string>&lt;group&gt;</string>
		</dict>
		<key>B20DE8321CA5B9EC00FD08BE</key>
		<dict>
			<key>children</key>
			<array>
				<string>B20DE8331CA5B9EC00FD08BE</string>
			</array>
			<key>isa</key>
			<string>PBXVariantGroup</string>
			<key>name</key>
			<string>Localizable.strings</string>
			<key>sourceTree</key>
			<string>&lt;group&gt;</string>
		</dict>
		<key>B20DE8331CA5B9EC00FD08BE</key>
		<dict>
			<key>isa</key>
			<string>PBXFileReference</string>
			<key>lastKnownFileType</key>
			<string>text.plist.strings</string>
			<key>name</key>
			<string>Base</string>
			<key>path</key>
			<string>Localizable.strings</string>
			<key>sourceTree</key>
			<string>&lt;group&gt;</string>
		</dict>
		<key>B20DE8341CA5B9EC00FD08BE</key>
		<dict>
			<key>fileRef</key>
			<string>B20DE8321CA5B9EC00FD08BE</string>
			<key>isa</key>
			<string>PBXBuildFile</string>
		</dict>
		<key>B20DE8351CA5BB8C00FD08BE</key>
		<dict>
			<key>fileEncoding</key>
			<string>4</string>
			<key>isa</key>
			<string>PBXFileReference</string>
			<key>lastKnownFileType</key>
			<string>sourcecode.swift</string>
			<key>path</key>
			<string>String+ Localized.swift</string>
			<key>sourceTree</key>
			<string>&lt;group&gt;</string>
		</dict>
		<key>B20DE8361CA5BB8C00FD08BE</key>
		<dict>
			<key>fileRef</key>
			<string>B20DE8351CA5BB8C00FD08BE</string>
			<key>isa</key>
			<string>PBXBuildFile</string>
		</dict>
		<key>B22A5A7F1CB0513100856847</key>
		<dict>
			<key>children</key>
			<array>
				<string>A921313F6BC3536ACBEDB300</string>
				<string>A9213D89CE1563F471E95DAD</string>
				<string>A9213B5787CD6D85F70B13A9</string>
			</array>
			<key>isa</key>
			<string>PBXGroup</string>
			<key>path</key>
			<string>View</string>
			<key>sourceTree</key>
			<string>&lt;group&gt;</string>
		</dict>
		<key>B22A5A801CB0515800856847</key>
		<dict>
			<key>children</key>
			<array>
				<string>A92137827C76E71FD3D21CFE</string>
			</array>
			<key>isa</key>
			<string>PBXGroup</string>
			<key>path</key>
			<string>Presenter</string>
			<key>sourceTree</key>
			<string>&lt;group&gt;</string>
		</dict>
		<key>B22A5A811CB0517100856847</key>
		<dict>
			<key>children</key>
			<array>
				<string>A9213350D7792A318D8B134A</string>
				<string>A92132D1EC56C163E878BA77</string>
			</array>
			<key>isa</key>
			<string>PBXGroup</string>
			<key>path</key>
			<string>Wireframe</string>
			<key>sourceTree</key>
			<string>&lt;group&gt;</string>
		</dict>
		<key>B22A5A831CB056C600856847</key>
		<dict>
			<key>fileEncoding</key>
			<string>4</string>
			<key>isa</key>
			<string>PBXFileReference</string>
			<key>lastKnownFileType</key>
			<string>sourcecode.swift</string>
			<key>path</key>
			<string>ArticlesInteractorInput.swift</string>
			<key>sourceTree</key>
			<string>&lt;group&gt;</string>
		</dict>
		<key>B22A5A841CB056C600856847</key>
		<dict>
			<key>fileRef</key>
			<string>B22A5A831CB056C600856847</string>
			<key>isa</key>
			<string>PBXBuildFile</string>
		</dict>
		<key>B22A5A851CB056D000856847</key>
		<dict>
			<key>fileEncoding</key>
			<string>4</string>
			<key>isa</key>
			<string>PBXFileReference</string>
			<key>lastKnownFileType</key>
			<string>sourcecode.swift</string>
			<key>path</key>
			<string>ArticlesInteractorOutput.swift</string>
			<key>sourceTree</key>
			<string>&lt;group&gt;</string>
		</dict>
		<key>B22A5A861CB056D000856847</key>
		<dict>
			<key>fileRef</key>
			<string>B22A5A851CB056D000856847</string>
			<key>isa</key>
			<string>PBXBuildFile</string>
		</dict>
		<key>B2824CD01CB2181C00667551</key>
		<dict>
			<key>fileEncoding</key>
			<string>4</string>
			<key>isa</key>
			<string>PBXFileReference</string>
			<key>lastKnownFileType</key>
			<string>text.plist.xml</string>
			<key>path</key>
			<string>Info.plist</string>
			<key>sourceTree</key>
			<string>&lt;group&gt;</string>
		</dict>
		<key>B2824CD21CB2182200667551</key>
		<dict>
			<key>children</key>
			<array>
				<string>B2824CD51CB218D000667551</string>
				<string>B2824CD31CB218B800667551</string>
				<string>B2824CD71CB2194D00667551</string>
			</array>
			<key>isa</key>
			<string>PBXGroup</string>
			<key>path</key>
			<string>Storyboards</string>
			<key>sourceTree</key>
			<string>&lt;group&gt;</string>
		</dict>
		<key>B2824CD31CB218B800667551</key>
		<dict>
			<key>fileEncoding</key>
			<string>4</string>
			<key>isa</key>
			<string>PBXFileReference</string>
			<key>lastKnownFileType</key>
			<string>file.storyboard</string>
			<key>path</key>
			<string>ArticlesStoryboard.storyboard</string>
			<key>sourceTree</key>
			<string>&lt;group&gt;</string>
		</dict>
		<key>B2824CD41CB218B800667551</key>
		<dict>
			<key>fileRef</key>
			<string>B2824CD31CB218B800667551</string>
			<key>isa</key>
			<string>PBXBuildFile</string>
		</dict>
		<key>B2824CD51CB218D000667551</key>
		<dict>
			<key>fileEncoding</key>
			<string>4</string>
			<key>isa</key>
			<string>PBXFileReference</string>
			<key>lastKnownFileType</key>
			<string>file.storyboard</string>
			<key>path</key>
			<string>LaunchScreen.storyboard</string>
			<key>sourceTree</key>
			<string>&lt;group&gt;</string>
		</dict>
		<key>B2824CD61CB218D000667551</key>
		<dict>
			<key>fileRef</key>
			<string>B2824CD51CB218D000667551</string>
			<key>isa</key>
			<string>PBXBuildFile</string>
		</dict>
		<key>B2824CD71CB2194D00667551</key>
		<dict>
			<key>fileEncoding</key>
			<string>4</string>
			<key>isa</key>
			<string>PBXFileReference</string>
			<key>lastKnownFileType</key>
			<string>file.storyboard</string>
			<key>path</key>
			<string>DetailsStoryboard.storyboard</string>
			<key>sourceTree</key>
			<string>&lt;group&gt;</string>
		</dict>
		<key>B2824CD81CB2194D00667551</key>
		<dict>
			<key>fileRef</key>
			<string>B2824CD71CB2194D00667551</string>
			<key>isa</key>
			<string>PBXBuildFile</string>
		</dict>
		<key>B2B287D31C9A469500CF3411</key>
		<dict>
			<key>fileEncoding</key>
			<string>4</string>
			<key>isa</key>
			<string>PBXFileReference</string>
			<key>lastKnownFileType</key>
			<string>sourcecode.swift</string>
			<key>path</key>
			<string>Articles.swift</string>
			<key>sourceTree</key>
			<string>&lt;group&gt;</string>
		</dict>
		<key>B2B287D41C9A469500CF3411</key>
		<dict>
			<key>fileRef</key>
			<string>B2B287D31C9A469500CF3411</string>
			<key>isa</key>
			<string>PBXBuildFile</string>
		</dict>
		<key>B2F49F3E1C9A3B1200F2CDE7</key>
		<dict>
			<key>children</key>
			<array>
				<string>B2F49F491C9A3B1200F2CDE7</string>
				<string>B2F49F481C9A3B1200F2CDE7</string>
				<string>43887D1C86D38ABD1D8F16BC</string>
				<string>C2343ED086ACD3466EBC0225</string>
			</array>
			<key>isa</key>
			<string>PBXGroup</string>
			<key>sourceTree</key>
			<string>&lt;group&gt;</string>
		</dict>
		<key>B2F49F3F1C9A3B1200F2CDE7</key>
		<dict>
			<key>attributes</key>
			<dict>
				<key>LastSwiftUpdateCheck</key>
				<string>0720</string>
				<key>LastUpgradeCheck</key>
				<string>0800</string>
				<key>ORGANIZATIONNAME</key>
				<string>Pedro Peralta</string>
				<key>TargetAttributes</key>
				<dict>
					<key>B2F49F461C9A3B1200F2CDE7</key>
					<dict>
						<key>CreatedOnToolsVersion</key>
						<string>7.2.1</string>
						<key>LastSwiftMigration</key>
						<string>0800</string>
						<key>ProvisioningStyle</key>
						<string>Manual</string>
					</dict>
				</dict>
			</dict>
			<key>buildConfigurationList</key>
			<string>B2F49F421C9A3B1200F2CDE7</string>
			<key>compatibilityVersion</key>
			<string>Xcode 3.2</string>
			<key>developmentRegion</key>
			<string>English</string>
			<key>hasScannedForEncodings</key>
			<string>0</string>
			<key>isa</key>
			<string>PBXProject</string>
			<key>knownRegions</key>
			<array>
				<string>en</string>
				<string>Base</string>
			</array>
			<key>mainGroup</key>
			<string>B2F49F3E1C9A3B1200F2CDE7</string>
			<key>productRefGroup</key>
			<string>B2F49F481C9A3B1200F2CDE7</string>
			<key>projectDirPath</key>
			<string></string>
			<key>projectReferences</key>
			<array/>
			<key>projectRoot</key>
			<string></string>
			<key>targets</key>
			<array>
				<string>B2F49F461C9A3B1200F2CDE7</string>
			</array>
		</dict>
		<key>B2F49F421C9A3B1200F2CDE7</key>
		<dict>
			<key>buildConfigurations</key>
			<array>
				<string>B2F49F571C9A3B1200F2CDE7</string>
				<string>B2F49F581C9A3B1200F2CDE7</string>
			</array>
			<key>defaultConfigurationIsVisible</key>
			<string>0</string>
			<key>defaultConfigurationName</key>
			<string>Release</string>
			<key>isa</key>
			<string>XCConfigurationList</string>
		</dict>
		<key>B2F49F431C9A3B1200F2CDE7</key>
		<dict>
			<key>buildActionMask</key>
			<string>2147483647</string>
			<key>files</key>
			<array>
				<string>B2B287D41C9A469500CF3411</string>
				<string>A92139D6463A5910955F4BA9</string>
				<string>A9213B083947483A9FC66973</string>
				<string>A9213581D19E145E9202C4EA</string>
				<string>A92133D448BCAFA6023C2B11</string>
				<string>A921324E52CDA9D9AFAF4B00</string>
				<string>A921307DAD28A98887FC7065</string>
				<string>A9213050C96C7798BFD816B0</string>
				<string>B20DE8361CA5BB8C00FD08BE</string>
				<string>B22A5A861CB056D000856847</string>
				<string>A9213E65BD109D5D56893CA2</string>
				<string>A9213E588095BFB0B0F15680</string>
				<string>A9213996722C378274AFB5F4</string>
				<string>B22A5A841CB056C600856847</string>
				<string>A9213984CDEA4A9AC1DF60E4</string>
				<string>A921369BEDF84574EC6E3514</string>
				<string>A9213036F0574C8283456107</string>
				<string>A921323130BD3789762E6790</string>
				<string>A92135FC4CB750985640BDFF</string>
				<string>A921314051B5E0181B97D97D</string>
			</array>
			<key>isa</key>
			<string>PBXSourcesBuildPhase</string>
			<key>runOnlyForDeploymentPostprocessing</key>
			<string>0</string>
		</dict>
		<key>B2F49F441C9A3B1200F2CDE7</key>
		<dict>
			<key>buildActionMask</key>
			<string>2147483647</string>
			<key>files</key>
			<array>
				<string>3AF85C443A65B9430FBC6B49</string>
			</array>
			<key>isa</key>
			<string>PBXFrameworksBuildPhase</string>
			<key>runOnlyForDeploymentPostprocessing</key>
			<string>0</string>
		</dict>
		<key>B2F49F451C9A3B1200F2CDE7</key>
		<dict>
			<key>buildActionMask</key>
			<string>2147483647</string>
			<key>files</key>
			<array>
				<string>B2824CD81CB2194D00667551</string>
				<string>B2824CD41CB218B800667551</string>
				<string>B20DE8341CA5B9EC00FD08BE</string>
				<string>A9213B680D0B43E2E15395B2</string>
				<string>B2824CD61CB218D000667551</string>
			</array>
			<key>isa</key>
			<string>PBXResourcesBuildPhase</string>
			<key>runOnlyForDeploymentPostprocessing</key>
			<string>0</string>
		</dict>
		<key>B2F49F461C9A3B1200F2CDE7</key>
		<dict>
			<key>buildConfigurationList</key>
			<string>B2F49F591C9A3B1200F2CDE7</string>
			<key>buildPhases</key>
			<array>
				<string>CB2C47038796D3550832E79C</string>
				<string>B2F49F431C9A3B1200F2CDE7</string>
				<string>B2F49F441C9A3B1200F2CDE7</string>
				<string>B2F49F451C9A3B1200F2CDE7</string>
				<string>3E0AFDDDE2D60555EDD1CF69</string>
				<string>C9D18B4E915BA98542F7CEBE</string>
			</array>
			<key>buildRules</key>
			<array/>
			<key>dependencies</key>
			<array/>
			<key>isa</key>
			<string>PBXNativeTarget</string>
			<key>name</key>
			<string>Articles</string>
			<key>productName</key>
			<string>Challenge</string>
			<key>productReference</key>
			<string>B2F49F471C9A3B1200F2CDE7</string>
			<key>productType</key>
			<string>com.apple.product-type.application</string>
		</dict>
		<key>B2F49F471C9A3B1200F2CDE7</key>
		<dict>
			<key>explicitFileType</key>
			<string>wrapper.application</string>
			<key>includeInIndex</key>
			<string>0</string>
			<key>isa</key>
			<string>PBXFileReference</string>
			<key>path</key>
			<string>Articles.app</string>
			<key>sourceTree</key>
			<string>BUILT_PRODUCTS_DIR</string>
		</dict>
		<key>B2F49F481C9A3B1200F2CDE7</key>
		<dict>
			<key>children</key>
			<array>
				<string>B2F49F471C9A3B1200F2CDE7</string>
			</array>
			<key>isa</key>
			<string>PBXGroup</string>
			<key>name</key>
			<string>Products</string>
			<key>sourceTree</key>
			<string>&lt;group&gt;</string>
		</dict>
		<key>B2F49F491C9A3B1200F2CDE7</key>
		<dict>
			<key>children</key>
			<array>
				<string>B2824CD01CB2181C00667551</string>
				<string>A9213740E6471B2B03E877F6</string>
				<string>A92131F74C1FDBDCB703D285</string>
				<string>A9213ED015B1CE0C92E39198</string>
				<string>A9213D8C2F5A413FB0C03E54</string>
				<string>A9213C288222D3F52CE25426</string>
				<string>B2824CD21CB2182200667551</string>
				<string>A92133F1AC3155C58661BBCD</string>
			</array>
			<key>isa</key>
			<string>PBXGroup</string>
			<key>path</key>
			<string>Articles</string>
			<key>sourceTree</key>
			<string>&lt;group&gt;</string>
		</dict>
		<key>B2F49F571C9A3B1200F2CDE7</key>
		<dict>
			<key>buildSettings</key>
			<dict>
				<key>ALWAYS_SEARCH_USER_PATHS</key>
				<string>NO</string>
				<key>CLANG_CXX_LANGUAGE_STANDARD</key>
				<string>gnu++0x</string>
				<key>CLANG_CXX_LIBRARY</key>
				<string>libc++</string>
				<key>CLANG_ENABLE_MODULES</key>
				<string>YES</string>
				<key>CLANG_ENABLE_OBJC_ARC</key>
				<string>YES</string>
				<key>CLANG_WARN_BOOL_CONVERSION</key>
				<string>YES</string>
				<key>CLANG_WARN_CONSTANT_CONVERSION</key>
				<string>YES</string>
				<key>CLANG_WARN_DIRECT_OBJC_ISA_USAGE</key>
				<string>YES_ERROR</string>
				<key>CLANG_WARN_EMPTY_BODY</key>
				<string>YES</string>
				<key>CLANG_WARN_ENUM_CONVERSION</key>
				<string>YES</string>
				<key>CLANG_WARN_INFINITE_RECURSION</key>
				<string>YES</string>
				<key>CLANG_WARN_INT_CONVERSION</key>
				<string>YES</string>
				<key>CLANG_WARN_OBJC_ROOT_CLASS</key>
				<string>YES_ERROR</string>
				<key>CLANG_WARN_SUSPICIOUS_MOVE</key>
				<string>YES</string>
				<key>CLANG_WARN_UNREACHABLE_CODE</key>
				<string>YES</string>
				<key>CLANG_WARN__DUPLICATE_METHOD_MATCH</key>
				<string>YES</string>
				<key>CODE_SIGN_IDENTITY[sdk=iphoneos*]</key>
				<string>iPhone Developer</string>
				<key>COPY_PHASE_STRIP</key>
				<string>NO</string>
				<key>DEBUG_INFORMATION_FORMAT</key>
				<string>dwarf</string>
				<key>ENABLE_STRICT_OBJC_MSGSEND</key>
				<string>YES</string>
				<key>ENABLE_TESTABILITY</key>
				<string>YES</string>
				<key>GCC_C_LANGUAGE_STANDARD</key>
				<string>gnu99</string>
				<key>GCC_DYNAMIC_NO_PIC</key>
				<string>NO</string>
				<key>GCC_NO_COMMON_BLOCKS</key>
				<string>YES</string>
				<key>GCC_OPTIMIZATION_LEVEL</key>
				<string>0</string>
				<key>GCC_PREPROCESSOR_DEFINITIONS</key>
				<array>
					<string>DEBUG=1</string>
					<string>$(inherited)</string>
				</array>
				<key>GCC_WARN_64_TO_32_BIT_CONVERSION</key>
				<string>YES</string>
				<key>GCC_WARN_ABOUT_RETURN_TYPE</key>
				<string>YES_ERROR</string>
				<key>GCC_WARN_UNDECLARED_SELECTOR</key>
				<string>YES</string>
				<key>GCC_WARN_UNINITIALIZED_AUTOS</key>
				<string>YES_AGGRESSIVE</string>
				<key>GCC_WARN_UNUSED_FUNCTION</key>
				<string>YES</string>
				<key>GCC_WARN_UNUSED_VARIABLE</key>
				<string>YES</string>
				<key>IPHONEOS_DEPLOYMENT_TARGET</key>
				<string>9.2</string>
				<key>MTL_ENABLE_DEBUG_INFO</key>
				<string>YES</string>
				<key>ONLY_ACTIVE_ARCH</key>
				<string>YES</string>
				<key>SDKROOT</key>
				<string>iphoneos</string>
				<key>SWIFT_OPTIMIZATION_LEVEL</key>
				<string>-Onone</string>
				<key>TARGETED_DEVICE_FAMILY</key>
				<string>1,2</string>
			</dict>
			<key>isa</key>
			<string>XCBuildConfiguration</string>
			<key>name</key>
			<string>Debug</string>
		</dict>
		<key>B2F49F581C9A3B1200F2CDE7</key>
		<dict>
			<key>buildSettings</key>
			<dict>
				<key>ALWAYS_SEARCH_USER_PATHS</key>
				<string>NO</string>
				<key>CLANG_CXX_LANGUAGE_STANDARD</key>
				<string>gnu++0x</string>
				<key>CLANG_CXX_LIBRARY</key>
				<string>libc++</string>
				<key>CLANG_ENABLE_MODULES</key>
				<string>YES</string>
				<key>CLANG_ENABLE_OBJC_ARC</key>
				<string>YES</string>
				<key>CLANG_WARN_BOOL_CONVERSION</key>
				<string>YES</string>
				<key>CLANG_WARN_CONSTANT_CONVERSION</key>
				<string>YES</string>
				<key>CLANG_WARN_DIRECT_OBJC_ISA_USAGE</key>
				<string>YES_ERROR</string>
				<key>CLANG_WARN_EMPTY_BODY</key>
				<string>YES</string>
				<key>CLANG_WARN_ENUM_CONVERSION</key>
				<string>YES</string>
				<key>CLANG_WARN_INFINITE_RECURSION</key>
				<string>YES</string>
				<key>CLANG_WARN_INT_CONVERSION</key>
				<string>YES</string>
				<key>CLANG_WARN_OBJC_ROOT_CLASS</key>
				<string>YES_ERROR</string>
				<key>CLANG_WARN_SUSPICIOUS_MOVE</key>
				<string>YES</string>
				<key>CLANG_WARN_UNREACHABLE_CODE</key>
				<string>YES</string>
				<key>CLANG_WARN__DUPLICATE_METHOD_MATCH</key>
				<string>YES</string>
				<key>CODE_SIGN_IDENTITY[sdk=iphoneos*]</key>
				<string>iPhone Developer</string>
				<key>COPY_PHASE_STRIP</key>
				<string>NO</string>
				<key>DEBUG_INFORMATION_FORMAT</key>
				<string>dwarf-with-dsym</string>
				<key>ENABLE_NS_ASSERTIONS</key>
				<string>NO</string>
				<key>ENABLE_STRICT_OBJC_MSGSEND</key>
				<string>YES</string>
				<key>GCC_C_LANGUAGE_STANDARD</key>
				<string>gnu99</string>
				<key>GCC_NO_COMMON_BLOCKS</key>
				<string>YES</string>
				<key>GCC_WARN_64_TO_32_BIT_CONVERSION</key>
				<string>YES</string>
				<key>GCC_WARN_ABOUT_RETURN_TYPE</key>
				<string>YES_ERROR</string>
				<key>GCC_WARN_UNDECLARED_SELECTOR</key>
				<string>YES</string>
				<key>GCC_WARN_UNINITIALIZED_AUTOS</key>
				<string>YES_AGGRESSIVE</string>
				<key>GCC_WARN_UNUSED_FUNCTION</key>
				<string>YES</string>
				<key>GCC_WARN_UNUSED_VARIABLE</key>
				<string>YES</string>
				<key>IPHONEOS_DEPLOYMENT_TARGET</key>
				<string>9.2</string>
				<key>MTL_ENABLE_DEBUG_INFO</key>
				<string>NO</string>
				<key>SDKROOT</key>
				<string>iphoneos</string>
				<key>SWIFT_OPTIMIZATION_LEVEL</key>
				<string>-Owholemodule</string>
				<key>TARGETED_DEVICE_FAMILY</key>
				<string>1,2</string>
				<key>VALIDATE_PRODUCT</key>
				<string>YES</string>
			</dict>
			<key>isa</key>
			<string>XCBuildConfiguration</string>
			<key>name</key>
			<string>Release</string>
		</dict>
		<key>B2F49F591C9A3B1200F2CDE7</key>
		<dict>
			<key>buildConfigurations</key>
			<array>
				<string>B2F49F5A1C9A3B1200F2CDE7</string>
				<string>B2F49F5B1C9A3B1200F2CDE7</string>
			</array>
			<key>defaultConfigurationIsVisible</key>
			<string>0</string>
			<key>defaultConfigurationName</key>
			<string>Release</string>
			<key>isa</key>
			<string>XCConfigurationList</string>
		</dict>
		<key>B2F49F5A1C9A3B1200F2CDE7</key>
		<dict>
			<key>baseConfigurationReference</key>
			<string>30340F9607FB077286FA05AF</string>
			<key>buildSettings</key>
			<dict>
				<key>ALWAYS_EMBED_SWIFT_STANDARD_LIBRARIES</key>
				<string>YES</string>
				<key>ASSETCATALOG_COMPILER_APPICON_NAME</key>
				<string>AppIcon</string>
				<key>DEVELOPMENT_TEAM</key>
				<string></string>
				<key>INFOPLIST_FILE</key>
				<string>$(SRCROOT)/Articles/Info.plist</string>
				<key>IPHONEOS_DEPLOYMENT_TARGET</key>
				<string>9.0</string>
				<key>LD_RUNPATH_SEARCH_PATHS</key>
				<string>$(inherited) @executable_path/Frameworks</string>
				<key>PRODUCT_BUNDLE_IDENTIFIER</key>
				<string>com.peralta.articles</string>
				<key>PRODUCT_NAME</key>
				<string>$(TARGET_NAME)</string>
				<key>SWIFT_VERSION</key>
				<string>3.0</string>
			</dict>
			<key>isa</key>
			<string>XCBuildConfiguration</string>
			<key>name</key>
			<string>Debug</string>
		</dict>
		<key>B2F49F5B1C9A3B1200F2CDE7</key>
		<dict>
			<key>baseConfigurationReference</key>
			<string>28E6DA0BA1702DF918EE7CEB</string>
			<key>buildSettings</key>
			<dict>
				<key>ALWAYS_EMBED_SWIFT_STANDARD_LIBRARIES</key>
				<string>YES</string>
				<key>ASSETCATALOG_COMPILER_APPICON_NAME</key>
				<string>AppIcon</string>
				<key>DEVELOPMENT_TEAM</key>
				<string></string>
				<key>INFOPLIST_FILE</key>
				<string>$(SRCROOT)/Articles/Info.plist</string>
				<key>IPHONEOS_DEPLOYMENT_TARGET</key>
				<string>9.0</string>
				<key>LD_RUNPATH_SEARCH_PATHS</key>
				<string>$(inherited) @executable_path/Frameworks</string>
				<key>PRODUCT_BUNDLE_IDENTIFIER</key>
				<string>com.peralta.articles</string>
				<key>PRODUCT_NAME</key>
				<string>$(TARGET_NAME)</string>
				<key>SWIFT_VERSION</key>
				<string>3.0</string>
			</dict>
			<key>isa</key>
			<string>XCBuildConfiguration</string>
			<key>name</key>
			<string>Release</string>
		</dict>
		<key>C2343ED086ACD3466EBC0225</key>
		<dict>
			<key>children</key>
			<array>
				<string>D4C4361C3C8DE4EA3C9A0934</string>
			</array>
			<key>isa</key>
			<string>PBXGroup</string>
			<key>name</key>
			<string>Frameworks</string>
			<key>sourceTree</key>
			<string>&lt;group&gt;</string>
		</dict>
		<key>C9D18B4E915BA98542F7CEBE</key>
		<dict>
			<key>buildActionMask</key>
			<string>2147483647</string>
			<key>files</key>
			<array/>
			<key>inputPaths</key>
			<array/>
			<key>isa</key>
			<string>PBXShellScriptBuildPhase</string>
			<key>name</key>
			<string>[CP] Copy Pods Resources</string>
			<key>outputPaths</key>
			<array/>
			<key>runOnlyForDeploymentPostprocessing</key>
			<string>0</string>
			<key>shellPath</key>
			<string>/bin/sh</string>
			<key>shellScript</key>
			<string>"${SRCROOT}/Pods/Target Support Files/Pods-Articles/Pods-Articles-resources.sh"
</string>
			<key>showEnvVarsInLog</key>
			<string>0</string>
		</dict>
		<key>CB2C47038796D3550832E79C</key>
		<dict>
			<key>buildActionMask</key>
			<string>2147483647</string>
			<key>files</key>
			<array/>
			<key>inputPaths</key>
			<array/>
			<key>isa</key>
			<string>PBXShellScriptBuildPhase</string>
			<key>name</key>
			<string>[CP] Check Pods Manifest.lock</string>
			<key>outputPaths</key>
			<array/>
			<key>runOnlyForDeploymentPostprocessing</key>
			<string>0</string>
			<key>shellPath</key>
			<string>/bin/sh</string>
			<key>shellScript</key>
			<string>diff "${PODS_ROOT}/../Podfile.lock" "${PODS_ROOT}/Manifest.lock" &gt; /dev/null
if [[ $? != 0 ]] ; then
    cat &lt;&lt; EOM
error: The sandbox is not in sync with the Podfile.lock. Run 'pod install' or update your CocoaPods installation.
EOM
    exit 1
fi
</string>
			<key>showEnvVarsInLog</key>
			<string>0</string>
		</dict>
		<key>D4C4361C3C8DE4EA3C9A0934</key>
		<dict>
			<key>explicitFileType</key>
			<string>wrapper.framework</string>
			<key>includeInIndex</key>
			<string>0</string>
			<key>isa</key>
			<string>PBXFileReference</string>
			<key>path</key>
			<string>Pods_Articles.framework</string>
			<key>sourceTree</key>
			<string>BUILT_PRODUCTS_DIR</string>
		</dict>
	</dict>
	<key>rootObject</key>
	<string>B2F49F3F1C9A3B1200F2CDE7</string>
</dict>
</plist>
