PODS:
  - Alamofire (4.0.1)
  - AlamofireObjectMapper (4.0.0):
    - Alamofire (~> 4.0)
    - ObjectMapper (~> 2.0)
  - Kingfisher (3.1.3)
  - ObjectMapper (2.1.0)
  - PKHUD (3.2.1)
  - R.swift (3.2.0):
    - R.swift.Library (~> 3.0.2)
  - R.swift.Library (3.0.2)
  - RxSwift (3.0.0)

DEPENDENCIES:
  - AlamofireObjectMapper (~> 4.0)
  - Kingfisher (~> 3.0)
  - PKHUD (from `https://github.com/toyship/PKHUD.git`)
  - R.swift
  - RxSwift (= 3.0)

EXTERNAL SOURCES:
  PKHUD:
    :git: https://github.com/toyship/PKHUD.git

CHECKOUT OPTIONS:
  PKHUD:
    :commit: 28fb970b41d63134e962f9da766b96670c0f55f0
    :git: https://github.com/toyship/PKHUD.git

SPEC CHECKSUMS:
  Alamofire: 7682d43245de14874acd142ec137b144aa1dd335
  AlamofireObjectMapper: 9faa3ce5a240efda1b209009a2d6e1e949227abc
  Kingfisher: 007f5851c18c81e7cc106c9cbac1bafea1cce5dc
  ObjectMapper: e5e0f8aef8590fc2ddcde7f27eddb255863ee6e9
  PKHUD: 001c11518f125a273ddf026bcc64918423744ea2
  R.swift: 207a372a2b5977caef440c696a368009460641d1
  R.swift.Library: fbdec16c9802ad104fc1ba53415dc190e6ec5c73
  RxSwift: a930cd662f5b4a7ca9dc3518585dba91dadf497c

PODFILE CHECKSUM: 9f1338337cfc5ebaf6fc248b027745ae8459f01c

COCOAPODS: 1.1.1
