// !$*UTF8*$!
{
	archiveVersion = 1;
	classes = {
	};
	objectVersion = 46;
	objects = {

/* Begin PBXBuildFile section */
		A9213050C96C7798BFD816B0 /* ArticleTableViewCell.swift in Sources */ = {isa = PBXBuildFile; fileRef = A9213B5787CD6D85F70B13A9 /* ArticleTableViewCell.swift */; };
		A921307DAD28A98887FC7065 /* ArticlesViewInterface.swift in Sources */ = {isa = PBXBuildFile; fileRef = A9213D89CE1563F471E95DAD /* ArticlesViewInterface.swift */; };
		A921324E52CDA9D9AFAF4B00 /* ArticlesViewController.swift in Sources */ = {isa = PBXBuildFile; fileRef = A921313F6BC3536ACBEDB300 /* ArticlesViewController.swift */; };
		A9213261783A99EB67109B0E /* UIColor+Custom.swift in Sources */ = {isa = PBXBuildFile; fileRef = A9213F680A0CE09E31E6358C /* UIColor+Custom.swift */; };
		A9213349FA93D0143A242B66 /* UIFont+Custom.swift in Sources */ = {isa = PBXBuildFile; fileRef = A9213838AD1FD6755ACAA640 /* UIFont+Custom.swift */; };
		A92133D448BCAFA6023C2B11 /* ArticlesOutput.swift in Sources */ = {isa = PBXBuildFile; fileRef = A92131E5D968F36D222D9231 /* ArticlesOutput.swift */; };
		A9213581D19E145E9202C4EA /* ArticlesPresenter.swift in Sources */ = {isa = PBXBuildFile; fileRef = A92137827C76E71FD3D21CFE /* ArticlesPresenter.swift */; };
		A9213847D73159DB9F4F44B6 /* ArticlesView.swift in Sources */ = {isa = PBXBuildFile; fileRef = A921377E93630BE1A30D682A /* ArticlesView.swift */; };
		A9213996722C378274AFB5F4 /* RootWireframe.swift in Sources */ = {isa = PBXBuildFile; fileRef = A9213FB5E3EFD49973803DBB /* RootWireframe.swift */; };
		A92139D6463A5910955F4BA9 /* AppDelegate.swift in Sources */ = {isa = PBXBuildFile; fileRef = A9213B75C7AE91287999AB91 /* AppDelegate.swift */; };
		A9213B083947483A9FC66973 /* ArticlesInteractor.swift in Sources */ = {isa = PBXBuildFile; fileRef = A92131D49D5B54E14307E327 /* ArticlesInteractor.swift */; };
		A9213B680D0B43E2E15395B2 /* Assets.xcassets in Resources */ = {isa = PBXBuildFile; fileRef = A921372E69907F1FEB34F258 /* Assets.xcassets */; };
		A9213E588095BFB0B0F15680 /* ArticlesWireframe.swift in Sources */ = {isa = PBXBuildFile; fileRef = A9213350D7792A318D8B134A /* ArticlesWireframe.swift */; };
		A9213E65BD109D5D56893CA2 /* AppDependencies.swift in Sources */ = {isa = PBXBuildFile; fileRef = A92135510BD72DEA8169AF98 /* AppDependencies.swift */; };
		A9213F8B4FF145FE573F2D22 /* ArticlesProvider.swift in Sources */ = {isa = PBXBuildFile; fileRef = A921363F0CD864DCA43E1972 /* ArticlesProvider.swift */; };
		B2B287D41C9A469500CF3411 /* Articles.swift in Sources */ = {isa = PBXBuildFile; fileRef = B2B287D31C9A469500CF3411 /* Articles.swift */; };
		B2F49F551C9A3B1200F2CDE7 /* LaunchScreen.storyboard in Resources */ = {isa = PBXBuildFile; fileRef = B2F49F531C9A3B1200F2CDE7 /* LaunchScreen.storyboard */; };
		B885CA22730BD64E3866CFC4 /* Pods_Challenge.framework in Frameworks */ = {isa = PBXBuildFile; fileRef = EEF8788C7074C8ABBD2025F6 /* Pods_Challenge.framework */; };
/* End PBXBuildFile section */

/* Begin PBXFileReference section */
		2060A2082FDE3F5736CBDFEF /* Pods-Challenge.debug.xcconfig */ = {isa = PBXFileReference; includeInIndex = 1; lastKnownFileType = text.xcconfig; name = "Pods-Challenge.debug.xcconfig"; path = "Pods/Target Support Files/Pods-Challenge/Pods-Challenge.debug.xcconfig"; sourceTree = "<group>"; };
		93FF74D53A863E425A3EE2A0 /* Pods-Challenge.release.xcconfig */ = {isa = PBXFileReference; includeInIndex = 1; lastKnownFileType = text.xcconfig; name = "Pods-Challenge.release.xcconfig"; path = "Pods/Target Support Files/Pods-Challenge/Pods-Challenge.release.xcconfig"; sourceTree = "<group>"; };
		A921313F6BC3536ACBEDB300 /* ArticlesViewController.swift */ = {isa = PBXFileReference; fileEncoding = 4; lastKnownFileType = sourcecode.swift; path = ArticlesViewController.swift; sourceTree = "<group>"; };
		A92131D49D5B54E14307E327 /* ArticlesInteractor.swift */ = {isa = PBXFileReference; fileEncoding = 4; lastKnownFileType = sourcecode.swift; path = ArticlesInteractor.swift; sourceTree = "<group>"; };
		A92131E5D968F36D222D9231 /* ArticlesOutput.swift */ = {isa = PBXFileReference; fileEncoding = 4; lastKnownFileType = sourcecode.swift; path = ArticlesOutput.swift; sourceTree = "<group>"; };
		A9213350D7792A318D8B134A /* ArticlesWireframe.swift */ = {isa = PBXFileReference; fileEncoding = 4; lastKnownFileType = sourcecode.swift; path = ArticlesWireframe.swift; sourceTree = "<group>"; };
		A92135510BD72DEA8169AF98 /* AppDependencies.swift */ = {isa = PBXFileReference; fileEncoding = 4; lastKnownFileType = sourcecode.swift; path = AppDependencies.swift; sourceTree = "<group>"; };
		A921363F0CD864DCA43E1972 /* ArticlesProvider.swift */ = {isa = PBXFileReference; fileEncoding = 4; lastKnownFileType = sourcecode.swift; path = ArticlesProvider.swift; sourceTree = "<group>"; };
		A921372E69907F1FEB34F258 /* Assets.xcassets */ = {isa = PBXFileReference; lastKnownFileType = folder.assetcatalog; path = Assets.xcassets; sourceTree = "<group>"; };
		A921377E93630BE1A30D682A /* ArticlesView.swift */ = {isa = PBXFileReference; fileEncoding = 4; lastKnownFileType = sourcecode.swift; path = ArticlesView.swift; sourceTree = "<group>"; };
		A92137827C76E71FD3D21CFE /* ArticlesPresenter.swift */ = {isa = PBXFileReference; fileEncoding = 4; lastKnownFileType = sourcecode.swift; path = ArticlesPresenter.swift; sourceTree = "<group>"; };
		A9213838AD1FD6755ACAA640 /* UIFont+Custom.swift */ = {isa = PBXFileReference; fileEncoding = 4; lastKnownFileType = sourcecode.swift; path = "UIFont+Custom.swift"; sourceTree = "<group>"; };
		A9213B5787CD6D85F70B13A9 /* ArticleTableViewCell.swift */ = {isa = PBXFileReference; fileEncoding = 4; lastKnownFileType = sourcecode.swift; path = ArticleTableViewCell.swift; sourceTree = "<group>"; };
		A9213B75C7AE91287999AB91 /* AppDelegate.swift */ = {isa = PBXFileReference; fileEncoding = 4; lastKnownFileType = sourcecode.swift; path = AppDelegate.swift; sourceTree = "<group>"; };
		A9213D89CE1563F471E95DAD /* ArticlesViewInterface.swift */ = {isa = PBXFileReference; fileEncoding = 4; lastKnownFileType = sourcecode.swift; path = ArticlesViewInterface.swift; sourceTree = "<group>"; };
		A9213F680A0CE09E31E6358C /* UIColor+Custom.swift */ = {isa = PBXFileReference; fileEncoding = 4; lastKnownFileType = sourcecode.swift; path = "UIColor+Custom.swift"; sourceTree = "<group>"; };
		A9213FB5E3EFD49973803DBB /* RootWireframe.swift */ = {isa = PBXFileReference; fileEncoding = 4; lastKnownFileType = sourcecode.swift; path = RootWireframe.swift; sourceTree = "<group>"; };
		B2B287D31C9A469500CF3411 /* Articles.swift */ = {isa = PBXFileReference; fileEncoding = 4; lastKnownFileType = sourcecode.swift; path = Articles.swift; sourceTree = "<group>"; };
		B2F49F471C9A3B1200F2CDE7 /* Challenge.app */ = {isa = PBXFileReference; explicitFileType = wrapper.application; includeInIndex = 0; path = Challenge.app; sourceTree = BUILT_PRODUCTS_DIR; };
		B2F49F541C9A3B1200F2CDE7 /* Base */ = {isa = PBXFileReference; lastKnownFileType = file.storyboard; name = Base; path = Base.lproj/LaunchScreen.storyboard; sourceTree = "<group>"; };
		B2F49F561C9A3B1200F2CDE7 /* Info.plist */ = {isa = PBXFileReference; lastKnownFileType = text.plist.xml; path = Info.plist; sourceTree = "<group>"; };
		EEF8788C7074C8ABBD2025F6 /* Pods_Challenge.framework */ = {isa = PBXFileReference; explicitFileType = wrapper.framework; includeInIndex = 0; path = Pods_Challenge.framework; sourceTree = BUILT_PRODUCTS_DIR; };
/* End PBXFileReference section */

/* Begin PBXFrameworksBuildPhase section */
		B2F49F441C9A3B1200F2CDE7 /* Frameworks */ = {
			isa = PBXFrameworksBuildPhase;
			buildActionMask = 2147483647;
			files = (
				B885CA22730BD64E3866CFC4 /* Pods_Challenge.framework in Frameworks */,
			);
			runOnlyForDeploymentPostprocessing = 0;
		};
/* End PBXFrameworksBuildPhase section */

/* Begin PBXGroup section */
		A92131F74C1FDBDCB703D285 /* Assets */ = {
			isa = PBXGroup;
			children = (
				A921372E69907F1FEB34F258 /* Assets.xcassets */,
			);
			path = Assets;
			sourceTree = "<group>";
		};
		A92133F1AC3155C58661BBCD /* Utils */ = {
			isa = PBXGroup;
			children = (
				A9213581D3E69DF94676A356 /* Extensions */,
			);
			path = Utils;
			sourceTree = "<group>";
		};
		A921340947960CD0ACC3967A /* View */ = {
			isa = PBXGroup;
			children = (
				A9213FB5E3EFD49973803DBB /* RootWireframe.swift */,
			);
			path = View;
			sourceTree = "<group>";
		};
		A92135251CAE849BD96EDDFE /* Module Interface */ = {
			isa = PBXGroup;
			children = (
				A92137827C76E71FD3D21CFE /* ArticlesPresenter.swift */,
				A92131E5D968F36D222D9231 /* ArticlesOutput.swift */,
			);
			path = "Module Interface";
			sourceTree = "<group>";
		};
		A9213581D3E69DF94676A356 /* Extensions */ = {
			isa = PBXGroup;
			children = (
				A9213F680A0CE09E31E6358C /* UIColor+Custom.swift */,
				A9213838AD1FD6755ACAA640 /* UIFont+Custom.swift */,
			);
			path = Extensions;
			sourceTree = "<group>";
		};
		A9213740E6471B2B03E877F6 /* Application */ = {
			isa = PBXGroup;
			children = (
				A9213B75C7AE91287999AB91 /* AppDelegate.swift */,
				A92135510BD72DEA8169AF98 /* AppDependencies.swift */,
			);
			path = Application;
			sourceTree = "<group>";
		};
		A92138E801197B1FF0BE8BC3 /* Application Logic */ = {
			isa = PBXGroup;
			children = (
				A92131D49D5B54E14307E327 /* ArticlesInteractor.swift */,
				A921363F0CD864DCA43E1972 /* ArticlesProvider.swift */,
			);
			path = "Application Logic";
			sourceTree = "<group>";
		};
		A9213C288222D3F52CE25426 /* Modules */ = {
			isa = PBXGroup;
			children = (
				A9213CA2A28FDC388C446230 /* Articles */,
			);
			path = Modules;
			sourceTree = "<group>";
		};
		A9213CA2A28FDC388C446230 /* Articles */ = {
			isa = PBXGroup;
			children = (
				A92138E801197B1FF0BE8BC3 /* Application Logic */,
				A92135251CAE849BD96EDDFE /* Module Interface */,
				A9213F3A79786FFE5D9B73F1 /* User Interface */,
			);
			path = Articles;
			sourceTree = "<group>";
		};
		A9213D8C2F5A413FB0C03E54 /* Models */ = {
			isa = PBXGroup;
			children = (
				B2B287D31C9A469500CF3411 /* Articles.swift */,
			);
			path = Models;
			sourceTree = "<group>";
		};
		A9213ED015B1CE0C92E39198 /* Common */ = {
			isa = PBXGroup;
			children = (
				A921340947960CD0ACC3967A /* View */,
			);
			path = Common;
			sourceTree = "<group>";
		};
		A9213F3A79786FFE5D9B73F1 /* User Interface */ = {
			isa = PBXGroup;
			children = (
				A921377E93630BE1A30D682A /* ArticlesView.swift */,
				A921313F6BC3536ACBEDB300 /* ArticlesViewController.swift */,
				A9213D89CE1563F471E95DAD /* ArticlesViewInterface.swift */,
				A9213B5787CD6D85F70B13A9 /* ArticleTableViewCell.swift */,
				A9213350D7792A318D8B134A /* ArticlesWireframe.swift */,
			);
			path = "User Interface";
			sourceTree = "<group>";
		};
		AF7A6B084E16E4D8EE737B7D /* Frameworks */ = {
			isa = PBXGroup;
			children = (
				EEF8788C7074C8ABBD2025F6 /* Pods_Challenge.framework */,
			);
			name = Frameworks;
			sourceTree = "<group>";
		};
		B2F49F3E1C9A3B1200F2CDE7 = {
			isa = PBXGroup;
			children = (
				B2F49F491C9A3B1200F2CDE7 /* Challenge */,
				B2F49F481C9A3B1200F2CDE7 /* Products */,
				B8F463031F2A13138A56285D /* Pods */,
				AF7A6B084E16E4D8EE737B7D /* Frameworks */,
			);
			sourceTree = "<group>";
		};
		B2F49F481C9A3B1200F2CDE7 /* Products */ = {
			isa = PBXGroup;
			children = (
				B2F49F471C9A3B1200F2CDE7 /* Challenge.app */,
			);
			name = Products;
			sourceTree = "<group>";
		};
		B2F49F491C9A3B1200F2CDE7 /* Challenge */ = {
			isa = PBXGroup;
			children = (
				B2F49F531C9A3B1200F2CDE7 /* LaunchScreen.storyboard */,
				B2F49F561C9A3B1200F2CDE7 /* Info.plist */,
				A92131F74C1FDBDCB703D285 /* Assets */,
				A9213D8C2F5A413FB0C03E54 /* Models */,
				A9213C288222D3F52CE25426 /* Modules */,
				A9213740E6471B2B03E877F6 /* Application */,
				A92133F1AC3155C58661BBCD /* Utils */,
				A9213ED015B1CE0C92E39198 /* Common */,
			);
			path = Challenge;
			sourceTree = "<group>";
		};
		B8F463031F2A13138A56285D /* Pods */ = {
			isa = PBXGroup;
			children = (
				2060A2082FDE3F5736CBDFEF /* Pods-Challenge.debug.xcconfig */,
				93FF74D53A863E425A3EE2A0 /* Pods-Challenge.release.xcconfig */,
			);
			name = Pods;
			sourceTree = "<group>";
		};
/* End PBXGroup section */

/* Begin PBXNativeTarget section */
		B2F49F461C9A3B1200F2CDE7 /* Challenge */ = {
			isa = PBXNativeTarget;
			buildConfigurationList = B2F49F591C9A3B1200F2CDE7 /* Build configuration list for PBXNativeTarget "Challenge" */;
			buildPhases = (
				5A9AAD5FB9D909BE1E48FD02 /* Check Pods Manifest.lock */,
				B2F49F431C9A3B1200F2CDE7 /* Sources */,
				B2F49F441C9A3B1200F2CDE7 /* Frameworks */,
				B2F49F451C9A3B1200F2CDE7 /* Resources */,
				36D78EC8FE1FE95DC0BA3A1F /* Embed Pods Frameworks */,
				7D297D32329A285F9E65D6EF /* Copy Pods Resources */,
			);
			buildRules = (
			);
			dependencies = (
			);
			name = Challenge;
			productName = Challenge;
			productReference = B2F49F471C9A3B1200F2CDE7 /* Challenge.app */;
			productType = "com.apple.product-type.application";
		};
/* End PBXNativeTarget section */

/* Begin PBXProject section */
		B2F49F3F1C9A3B1200F2CDE7 /* Project object */ = {
			isa = PBXProject;
			attributes = {
				LastSwiftUpdateCheck = 0720;
				LastUpgradeCheck = 0720;
				ORGANIZATIONNAME = "Cheesecake Labs";
				TargetAttributes = {
					B2F49F461C9A3B1200F2CDE7 = {
						CreatedOnToolsVersion = 7.2.1;
					};
				};
			};
			buildConfigurationList = B2F49F421C9A3B1200F2CDE7 /* Build configuration list for PBXProject "Challenge" */;
			compatibilityVersion = "Xcode 3.2";
			developmentRegion = English;
			hasScannedForEncodings = 0;
			knownRegions = (
				en,
				Base,
			);
			mainGroup = B2F49F3E1C9A3B1200F2CDE7;
			productRefGroup = B2F49F481C9A3B1200F2CDE7 /* Products */;
			projectDirPath = "";
			projectRoot = "";
			targets = (
				B2F49F461C9A3B1200F2CDE7 /* Challenge */,
			);
		};
/* End PBXProject section */

/* Begin PBXResourcesBuildPhase section */
		B2F49F451C9A3B1200F2CDE7 /* Resources */ = {
			isa = PBXResourcesBuildPhase;
			buildActionMask = 2147483647;
			files = (
				B2F49F551C9A3B1200F2CDE7 /* LaunchScreen.storyboard in Resources */,
				A9213B680D0B43E2E15395B2 /* Assets.xcassets in Resources */,
			);
			runOnlyForDeploymentPostprocessing = 0;
		};
/* End PBXResourcesBuildPhase section */

/* Begin PBXShellScriptBuildPhase section */
		36D78EC8FE1FE95DC0BA3A1F /* Embed Pods Frameworks */ = {
			isa = PBXShellScriptBuildPhase;
			buildActionMask = 2147483647;
			files = (
			);
			inputPaths = (
			);
			name = "Embed Pods Frameworks";
			outputPaths = (
			);
			runOnlyForDeploymentPostprocessing = 0;
			shellPath = /bin/sh;
			shellScript = "\"${SRCROOT}/Pods/Target Support Files/Pods-Challenge/Pods-Challenge-frameworks.sh\"\n";
			showEnvVarsInLog = 0;
		};
		5A9AAD5FB9D909BE1E48FD02 /* Check Pods Manifest.lock */ = {
			isa = PBXShellScriptBuildPhase;
			buildActionMask = 2147483647;
			files = (
			);
			inputPaths = (
			);
			name = "Check Pods Manifest.lock";
			outputPaths = (
			);
			runOnlyForDeploymentPostprocessing = 0;
			shellPath = /bin/sh;
			shellScript = "diff \"${PODS_ROOT}/../Podfile.lock\" \"${PODS_ROOT}/Manifest.lock\" > /dev/null\nif [[ $? != 0 ]] ; then\n    cat << EOM\nerror: The sandbox is not in sync with the Podfile.lock. Run 'pod install' or update your CocoaPods installation.\nEOM\n    exit 1\nfi\n";
			showEnvVarsInLog = 0;
		};
		7D297D32329A285F9E65D6EF /* Copy Pods Resources */ = {
			isa = PBXShellScriptBuildPhase;
			buildActionMask = 2147483647;
			files = (
			);
			inputPaths = (
			);
			name = "Copy Pods Resources";
			outputPaths = (
			);
			runOnlyForDeploymentPostprocessing = 0;
			shellPath = /bin/sh;
			shellScript = "\"${SRCROOT}/Pods/Target Support Files/Pods-Challenge/Pods-Challenge-resources.sh\"\n";
			showEnvVarsInLog = 0;
		};
/* End PBXShellScriptBuildPhase section */

/* Begin PBXSourcesBuildPhase section */
		B2F49F431C9A3B1200F2CDE7 /* Sources */ = {
			isa = PBXSourcesBuildPhase;
			buildActionMask = 2147483647;
			files = (
				B2B287D41C9A469500CF3411 /* Articles.swift in Sources */,
				A92139D6463A5910955F4BA9 /* AppDelegate.swift in Sources */,
				A9213B083947483A9FC66973 /* ArticlesInteractor.swift in Sources */,
				A9213F8B4FF145FE573F2D22 /* ArticlesProvider.swift in Sources */,
				A9213581D19E145E9202C4EA /* ArticlesPresenter.swift in Sources */,
				A92133D448BCAFA6023C2B11 /* ArticlesOutput.swift in Sources */,
				A9213847D73159DB9F4F44B6 /* ArticlesView.swift in Sources */,
				A921324E52CDA9D9AFAF4B00 /* ArticlesViewController.swift in Sources */,
				A921307DAD28A98887FC7065 /* ArticlesViewInterface.swift in Sources */,
				A9213050C96C7798BFD816B0 /* ArticleTableViewCell.swift in Sources */,
				A9213261783A99EB67109B0E /* UIColor+Custom.swift in Sources */,
				A9213349FA93D0143A242B66 /* UIFont+Custom.swift in Sources */,
				A9213E65BD109D5D56893CA2 /* AppDependencies.swift in Sources */,
				A9213E588095BFB0B0F15680 /* ArticlesWireframe.swift in Sources */,
				A9213996722C378274AFB5F4 /* RootWireframe.swift in Sources */,
			);
			runOnlyForDeploymentPostprocessing = 0;
		};
/* End PBXSourcesBuildPhase section */

/* Begin PBXVariantGroup section */
		B2F49F531C9A3B1200F2CDE7 /* LaunchScreen.storyboard */ = {
			isa = PBXVariantGroup;
			children = (
				B2F49F541C9A3B1200F2CDE7 /* Base */,
			);
			name = LaunchScreen.storyboard;
			sourceTree = "<group>";
		};
/* End PBXVariantGroup section */

/* Begin XCBuildConfiguration section */
		B2F49F571C9A3B1200F2CDE7 /* Debug */ = {
			isa = XCBuildConfiguration;
			buildSettings = {
				ALWAYS_SEARCH_USER_PATHS = NO;
				CLANG_CXX_LANGUAGE_STANDARD = "gnu++0x";
				CLANG_CXX_LIBRARY = "libc++";
				CLANG_ENABLE_MODULES = YES;
				CLANG_ENABLE_OBJC_ARC = YES;
				CLANG_WARN_BOOL_CONVERSION = YES;
				CLANG_WARN_CONSTANT_CONVERSION = YES;
				CLANG_WARN_DIRECT_OBJC_ISA_USAGE = YES_ERROR;
				CLANG_WARN_EMPTY_BODY = YES;
				CLANG_WARN_ENUM_CONVERSION = YES;
				CLANG_WARN_INT_CONVERSION = YES;
				CLANG_WARN_OBJC_ROOT_CLASS = YES_ERROR;
				CLANG_WARN_UNREACHABLE_CODE = YES;
				CLANG_WARN__DUPLICATE_METHOD_MATCH = YES;
				"CODE_SIGN_IDENTITY[sdk=iphoneos*]" = "iPhone Developer";
				COPY_PHASE_STRIP = NO;
				DEBUG_INFORMATION_FORMAT = dwarf;
				ENABLE_STRICT_OBJC_MSGSEND = YES;
				ENABLE_TESTABILITY = YES;
				GCC_C_LANGUAGE_STANDARD = gnu99;
				GCC_DYNAMIC_NO_PIC = NO;
				GCC_NO_COMMON_BLOCKS = YES;
				GCC_OPTIMIZATION_LEVEL = 0;
				GCC_PREPROCESSOR_DEFINITIONS = (
					"DEBUG=1",
					"$(inherited)",
				);
				GCC_WARN_64_TO_32_BIT_CONVERSION = YES;
				GCC_WARN_ABOUT_RETURN_TYPE = YES_ERROR;
				GCC_WARN_UNDECLARED_SELECTOR = YES;
				GCC_WARN_UNINITIALIZED_AUTOS = YES_AGGRESSIVE;
				GCC_WARN_UNUSED_FUNCTION = YES;
				GCC_WARN_UNUSED_VARIABLE = YES;
				IPHONEOS_DEPLOYMENT_TARGET = 9.2;
				MTL_ENABLE_DEBUG_INFO = YES;
				ONLY_ACTIVE_ARCH = YES;
				SDKROOT = iphoneos;
				SWIFT_OPTIMIZATION_LEVEL = "-Onone";
				TARGETED_DEVICE_FAMILY = "1,2";
			};
			name = Debug;
		};
		B2F49F581C9A3B1200F2CDE7 /* Release */ = {
			isa = XCBuildConfiguration;
			buildSettings = {
				ALWAYS_SEARCH_USER_PATHS = NO;
				CLANG_CXX_LANGUAGE_STANDARD = "gnu++0x";
				CLANG_CXX_LIBRARY = "libc++";
				CLANG_ENABLE_MODULES = YES;
				CLANG_ENABLE_OBJC_ARC = YES;
				CLANG_WARN_BOOL_CONVERSION = YES;
				CLANG_WARN_CONSTANT_CONVERSION = YES;
				CLANG_WARN_DIRECT_OBJC_ISA_USAGE = YES_ERROR;
				CLANG_WARN_EMPTY_BODY = YES;
				CLANG_WARN_ENUM_CONVERSION = YES;
				CLANG_WARN_INT_CONVERSION = YES;
				CLANG_WARN_OBJC_ROOT_CLASS = YES_ERROR;
				CLANG_WARN_UNREACHABLE_CODE = YES;
				CLANG_WARN__DUPLICATE_METHOD_MATCH = YES;
				"CODE_SIGN_IDENTITY[sdk=iphoneos*]" = "iPhone Developer";
				COPY_PHASE_STRIP = NO;
				DEBUG_INFORMATION_FORMAT = "dwarf-with-dsym";
				ENABLE_NS_ASSERTIONS = NO;
				ENABLE_STRICT_OBJC_MSGSEND = YES;
				GCC_C_LANGUAGE_STANDARD = gnu99;
				GCC_NO_COMMON_BLOCKS = YES;
				GCC_WARN_64_TO_32_BIT_CONVERSION = YES;
				GCC_WARN_ABOUT_RETURN_TYPE = YES_ERROR;
				GCC_WARN_UNDECLARED_SELECTOR = YES;
				GCC_WARN_UNINITIALIZED_AUTOS = YES_AGGRESSIVE;
				GCC_WARN_UNUSED_FUNCTION = YES;
				GCC_WARN_UNUSED_VARIABLE = YES;
				IPHONEOS_DEPLOYMENT_TARGET = 9.2;
				MTL_ENABLE_DEBUG_INFO = NO;
				SDKROOT = iphoneos;
				TARGETED_DEVICE_FAMILY = "1,2";
				VALIDATE_PRODUCT = YES;
			};
			name = Release;
		};
		B2F49F5A1C9A3B1200F2CDE7 /* Debug */ = {
			isa = XCBuildConfiguration;
			baseConfigurationReference = 2060A2082FDE3F5736CBDFEF /* Pods-Challenge.debug.xcconfig */;
			buildSettings = {
				ASSETCATALOG_COMPILER_APPICON_NAME = AppIcon;
				INFOPLIST_FILE = Challenge/Info.plist;
				LD_RUNPATH_SEARCH_PATHS = "$(inherited) @executable_path/Frameworks";
				PRODUCT_BUNDLE_IDENTIFIER = io.ckl.challenge.Challenge;
				PRODUCT_NAME = "$(TARGET_NAME)";
			};
			name = Debug;
		};
		B2F49F5B1C9A3B1200F2CDE7 /* Release */ = {
			isa = XCBuildConfiguration;
			baseConfigurationReference = 93FF74D53A863E425A3EE2A0 /* Pods-Challenge.release.xcconfig */;
			buildSettings = {
				ASSETCATALOG_COMPILER_APPICON_NAME = AppIcon;
				INFOPLIST_FILE = Challenge/Info.plist;
				LD_RUNPATH_SEARCH_PATHS = "$(inherited) @executable_path/Frameworks";
				PRODUCT_BUNDLE_IDENTIFIER = io.ckl.challenge.Challenge;
				PRODUCT_NAME = "$(TARGET_NAME)";
			};
			name = Release;
		};
/* End XCBuildConfiguration section */

/* Begin XCConfigurationList section */
		B2F49F421C9A3B1200F2CDE7 /* Build configuration list for PBXProject "Challenge" */ = {
			isa = XCConfigurationList;
			buildConfigurations = (
				B2F49F571C9A3B1200F2CDE7 /* Debug */,
				B2F49F581C9A3B1200F2CDE7 /* Release */,
			);
			defaultConfigurationIsVisible = 0;
			defaultConfigurationName = Release;
		};
		B2F49F591C9A3B1200F2CDE7 /* Build configuration list for PBXNativeTarget "Challenge" */ = {
			isa = XCConfigurationList;
			buildConfigurations = (
				B2F49F5A1C9A3B1200F2CDE7 /* Debug */,
				B2F49F5B1C9A3B1200F2CDE7 /* Release */,
			);
			defaultConfigurationIsVisible = 0;
			defaultConfigurationName = Release;
		};
/* End XCConfigurationList section */
	};
	rootObject = B2F49F3F1C9A3B1200F2CDE7 /* Project object */;
}
